// !$*UTF8*$!
{
	archiveVersion = 1;
	classes = {
	};
	objectVersion = 56;
	objects = {

/* Begin PBXBuildFile section */
		AA10000000000000000030 /* AgentApp.swift in Sources */ = {isa = PBXBuildFile; fileRef = AA1000000000000000001A /* AgentApp.swift */; };
		AA10000000000000000031 /* ContentView.swift in Sources */ = {isa = PBXBuildFile; fileRef = AA1000000000000000001B /* ContentView.swift */; };
		AA10000000000000000032 /* AgentViewModel.swift in Sources */ = {isa = PBXBuildFile; fileRef = AA1000000000000000001C /* AgentViewModel.swift */; };
		AA10000000000000000033 /* HelperService.swift in Sources */ = {isa = PBXBuildFile; fileRef = AA1000000000000000001D /* HelperService.swift */; };
		AA10000000000000000034 /* ClaudeService.swift in Sources */ = {isa = PBXBuildFile; fileRef = AA1000000000000000001E /* ClaudeService.swift */; };
		AA10000000000000000035 /* HelperProtocol.swift in Sources */ = {isa = PBXBuildFile; fileRef = AA1000000000000000001F /* HelperProtocol.swift */; };
		AA10000000000000000036 /* Models.swift in Sources */ = {isa = PBXBuildFile; fileRef = AA10000000000000000020 /* Models.swift */; };
		AA10000000000000000037 /* Assets.xcassets in Resources */ = {isa = PBXBuildFile; fileRef = AA10000000000000000021 /* Assets.xcassets */; };
		AA10000000000000000038 /* UserService.swift in Sources */ = {isa = PBXBuildFile; fileRef = AA10000000000000000025 /* UserService.swift */; };
		AA10000000000000000039 /* UserProtocol.swift in Sources */ = {isa = PBXBuildFile; fileRef = AA10000000000000000026 /* UserProtocol.swift */; };
		AA1000000000000000003A /* OllamaService.swift in Sources */ = {isa = PBXBuildFile; fileRef = AA10000000000000000028 /* OllamaService.swift */; };
		AA1000000000000000003B /* ScriptService.swift in Sources */ = {isa = PBXBuildFile; fileRef = AA10000000000000000029 /* ScriptService.swift */; };
		AA1000000000000000003C /* XcodeScriptingBridge.swift in Sources */ = {isa = PBXBuildFile; fileRef = AA1000000000000000002A /* XcodeScriptingBridge.swift */; };
		AA1000000000000000003D /* XcodeService.swift in Sources */ = {isa = PBXBuildFile; fileRef = AA1000000000000000002B /* XcodeService.swift */; };
		AA1000000000000000003E /* ScriptingBridge.framework in Frameworks */ = {isa = PBXBuildFile; fileRef = AA1000000000000000002C /* ScriptingBridge.framework */; };
		AA1000000000000000003F /* DependencyChecker.swift in Sources */ = {isa = PBXBuildFile; fileRef = AA1000000000000000002D /* DependencyChecker.swift */; };
		AA10000000000000000044 /* DependencyOverlay.swift in Sources */ = {isa = PBXBuildFile; fileRef = AA1000000000000000002E /* DependencyOverlay.swift */; };
		BB10000000000000000030 /* main.swift in Sources */ = {isa = PBXBuildFile; fileRef = BB1000000000000000001A /* main.swift */; };
		BB10000000000000000031 /* HelperProtocol.swift in Sources */ = {isa = PBXBuildFile; fileRef = BB1000000000000000001B /* HelperProtocol.swift */; };
		BB10000000000000000032 /* com.agent.helper.plist in Copy Daemon Plist */ = {isa = PBXBuildFile; fileRef = AA10000000000000000023 /* com.agent.helper.plist */; };
		BB10000000000000000033 /* AgentHelper in Copy Helper */ = {isa = PBXBuildFile; fileRef = BB1000000000000000001C /* AgentHelper */; settings = {ATTRIBUTES = (CodeSignOnCopy, RemoveHeadersOnCopy, ); }; };
		CC10000000000000000030 /* main.swift in Sources */ = {isa = PBXBuildFile; fileRef = CC1000000000000000001A /* main.swift */; };
		CC10000000000000000031 /* UserProtocol.swift in Sources */ = {isa = PBXBuildFile; fileRef = CC1000000000000000001B /* UserProtocol.swift */; };
		CC10000000000000000032 /* com.agent.user.plist in Copy Agent Plist */ = {isa = PBXBuildFile; fileRef = AA10000000000000000027 /* com.agent.user.plist */; };
		CC10000000000000000033 /* AgentUser in Copy User Agent */ = {isa = PBXBuildFile; fileRef = CC1000000000000000001C /* AgentUser */; settings = {ATTRIBUTES = (CodeSignOnCopy, RemoveHeadersOnCopy, ); }; };
		EAF3666F2F623D6A004B7E38 /* AppIcon.icon in Resources */ = {isa = PBXBuildFile; fileRef = EAF3666E2F623D6A004B7E38 /* AppIcon.icon */; };
		AA10000000000000000045 /* ScriptingBridges in Resources */ = {isa = PBXBuildFile; fileRef = AA1000000000000000002F /* ScriptingBridges */; };
/* End PBXBuildFile section */

/* Begin PBXContainerItemProxy section */
		BB10000000000000000070 /* PBXContainerItemProxy */ = {
			isa = PBXContainerItemProxy;
			containerPortal = AA10000000000000000000 /* Project object */;
			proxyType = 1;
			remoteGlobalIDString = BB10000000000000000060;
			remoteInfo = AgentHelper;
		};
		CC10000000000000000070 /* PBXContainerItemProxy */ = {
			isa = PBXContainerItemProxy;
			containerPortal = AA10000000000000000000 /* Project object */;
			proxyType = 1;
			remoteGlobalIDString = CC10000000000000000060;
			remoteInfo = AgentUser;
		};
/* End PBXContainerItemProxy section */

/* Begin PBXCopyFilesBuildPhase section */
		BB10000000000000000051 /* Copy Helper */ = {
			isa = PBXCopyFilesBuildPhase;
			buildActionMask = 2147483647;
			dstPath = "";
			dstSubfolderSpec = 6;
			files = (
				BB10000000000000000033 /* AgentHelper in Copy Helper */,
			);
			name = "Copy Helper";
			runOnlyForDeploymentPostprocessing = 0;
		};
		BB10000000000000000052 /* Copy Daemon Plist */ = {
			isa = PBXCopyFilesBuildPhase;
			buildActionMask = 2147483647;
			dstPath = Contents/Library/LaunchDaemons;
			dstSubfolderSpec = 1;
			files = (
				BB10000000000000000032 /* com.agent.helper.plist in Copy Daemon Plist */,
			);
			name = "Copy Daemon Plist";
			runOnlyForDeploymentPostprocessing = 0;
		};
		CC10000000000000000051 /* Copy User Agent */ = {
			isa = PBXCopyFilesBuildPhase;
			buildActionMask = 2147483647;
			dstPath = "";
			dstSubfolderSpec = 6;
			files = (
				CC10000000000000000033 /* AgentUser in Copy User Agent */,
			);
			name = "Copy User Agent";
			runOnlyForDeploymentPostprocessing = 0;
		};
		CC10000000000000000052 /* Copy Agent Plist */ = {
			isa = PBXCopyFilesBuildPhase;
			buildActionMask = 2147483647;
			dstPath = Contents/Library/LaunchAgents;
			dstSubfolderSpec = 1;
			files = (
				CC10000000000000000032 /* com.agent.user.plist in Copy Agent Plist */,
			);
			name = "Copy Agent Plist";
			runOnlyForDeploymentPostprocessing = 0;
		};
/* End PBXCopyFilesBuildPhase section */

/* Begin PBXFileReference section */
		AA1000000000000000001A /* AgentApp.swift */ = {isa = PBXFileReference; lastKnownFileType = sourcecode.swift; path = AgentApp.swift; sourceTree = "<group>"; };
		AA1000000000000000001B /* ContentView.swift */ = {isa = PBXFileReference; lastKnownFileType = sourcecode.swift; path = ContentView.swift; sourceTree = "<group>"; };
		AA1000000000000000001C /* AgentViewModel.swift */ = {isa = PBXFileReference; lastKnownFileType = sourcecode.swift; path = AgentViewModel.swift; sourceTree = "<group>"; };
		AA1000000000000000001D /* HelperService.swift */ = {isa = PBXFileReference; lastKnownFileType = sourcecode.swift; path = HelperService.swift; sourceTree = "<group>"; };
		AA1000000000000000001E /* ClaudeService.swift */ = {isa = PBXFileReference; lastKnownFileType = sourcecode.swift; path = ClaudeService.swift; sourceTree = "<group>"; };
		AA1000000000000000001F /* HelperProtocol.swift */ = {isa = PBXFileReference; lastKnownFileType = sourcecode.swift; path = HelperProtocol.swift; sourceTree = "<group>"; };
		AA10000000000000000020 /* Models.swift */ = {isa = PBXFileReference; lastKnownFileType = sourcecode.swift; path = Models.swift; sourceTree = "<group>"; };
		AA10000000000000000021 /* Assets.xcassets */ = {isa = PBXFileReference; lastKnownFileType = folder.assetcatalog; path = Assets.xcassets; sourceTree = "<group>"; };
		AA10000000000000000022 /* Agent.entitlements */ = {isa = PBXFileReference; lastKnownFileType = text.plist.entitlements; path = Agent.entitlements; sourceTree = "<group>"; };
		AA10000000000000000023 /* com.agent.helper.plist */ = {isa = PBXFileReference; lastKnownFileType = text.plist.xml; path = com.agent.helper.plist; sourceTree = "<group>"; };
		AA10000000000000000024 /* Agent.app */ = {isa = PBXFileReference; explicitFileType = wrapper.application; includeInIndex = 0; path = Agent.app; sourceTree = BUILT_PRODUCTS_DIR; };
		AA10000000000000000025 /* UserService.swift */ = {isa = PBXFileReference; lastKnownFileType = sourcecode.swift; path = UserService.swift; sourceTree = "<group>"; };
		AA10000000000000000026 /* UserProtocol.swift */ = {isa = PBXFileReference; lastKnownFileType = sourcecode.swift; path = UserProtocol.swift; sourceTree = "<group>"; };
		AA10000000000000000027 /* com.agent.user.plist */ = {isa = PBXFileReference; lastKnownFileType = text.plist.xml; path = com.agent.user.plist; sourceTree = "<group>"; };
		AA10000000000000000028 /* OllamaService.swift */ = {isa = PBXFileReference; lastKnownFileType = sourcecode.swift; path = OllamaService.swift; sourceTree = "<group>"; };
		AA10000000000000000029 /* ScriptService.swift */ = {isa = PBXFileReference; lastKnownFileType = sourcecode.swift; path = ScriptService.swift; sourceTree = "<group>"; };
		AA1000000000000000002A /* XcodeScriptingBridge.swift */ = {isa = PBXFileReference; lastKnownFileType = sourcecode.swift; path = XcodeScriptingBridge.swift; sourceTree = "<group>"; };
		AA1000000000000000002B /* XcodeService.swift */ = {isa = PBXFileReference; lastKnownFileType = sourcecode.swift; path = XcodeService.swift; sourceTree = "<group>"; };
		AA1000000000000000002C /* ScriptingBridge.framework */ = {isa = PBXFileReference; lastKnownFileType = wrapper.framework; name = ScriptingBridge.framework; path = System/Library/Frameworks/ScriptingBridge.framework; sourceTree = SDKROOT; };
		AA1000000000000000002D /* DependencyChecker.swift */ = {isa = PBXFileReference; lastKnownFileType = sourcecode.swift; path = DependencyChecker.swift; sourceTree = "<group>"; };
		AA1000000000000000002E /* DependencyOverlay.swift */ = {isa = PBXFileReference; lastKnownFileType = sourcecode.swift; path = DependencyOverlay.swift; sourceTree = "<group>"; };
		AA1000000000000000002F /* ScriptingBridges */ = {isa = PBXFileReference; lastKnownFileType = folder; path = ScriptingBridges; sourceTree = "<group>"; };
		BB1000000000000000001A /* main.swift */ = {isa = PBXFileReference; lastKnownFileType = sourcecode.swift; path = main.swift; sourceTree = "<group>"; };
		BB1000000000000000001B /* HelperProtocol.swift */ = {isa = PBXFileReference; lastKnownFileType = sourcecode.swift; path = HelperProtocol.swift; sourceTree = "<group>"; };
		BB1000000000000000001C /* AgentHelper */ = {isa = PBXFileReference; explicitFileType = "compiled.mach-o.executable"; includeInIndex = 0; path = AgentHelper; sourceTree = BUILT_PRODUCTS_DIR; };
		CC1000000000000000001A /* main.swift */ = {isa = PBXFileReference; lastKnownFileType = sourcecode.swift; path = main.swift; sourceTree = "<group>"; };
		CC1000000000000000001B /* UserProtocol.swift */ = {isa = PBXFileReference; lastKnownFileType = sourcecode.swift; path = UserProtocol.swift; sourceTree = "<group>"; };
		CC1000000000000000001C /* AgentUser */ = {isa = PBXFileReference; explicitFileType = "compiled.mach-o.executable"; includeInIndex = 0; path = AgentUser; sourceTree = BUILT_PRODUCTS_DIR; };
		EAF3666E2F623D6A004B7E38 /* AppIcon.icon */ = {isa = PBXFileReference; lastKnownFileType = folder.iconcomposer.icon; path = AppIcon.icon; sourceTree = "<group>"; };
/* End PBXFileReference section */

/* Begin PBXFrameworksBuildPhase section */
		AA10000000000000000052 /* Frameworks */ = {
			isa = PBXFrameworksBuildPhase;
			buildActionMask = 2147483647;
			files = (
				AA1000000000000000003E /* ScriptingBridge.framework in Frameworks */,
			);
			runOnlyForDeploymentPostprocessing = 0;
		};
		BB10000000000000000053 /* Frameworks */ = {
			isa = PBXFrameworksBuildPhase;
			buildActionMask = 2147483647;
			files = (
			);
			runOnlyForDeploymentPostprocessing = 0;
		};
		CC10000000000000000053 /* Frameworks */ = {
			isa = PBXFrameworksBuildPhase;
			buildActionMask = 2147483647;
			files = (
			);
			runOnlyForDeploymentPostprocessing = 0;
		};
/* End PBXFrameworksBuildPhase section */

/* Begin PBXGroup section */
		AA10000000000000000040 = {
			isa = PBXGroup;
			children = (
				AA10000000000000000041 /* Agent */,
				BB10000000000000000040 /* AgentHelper */,
				CC10000000000000000040 /* AgentUser */,
				AA10000000000000000042 /* Products */,
				AA10000000000000000043 /* Frameworks */,
			);
			sourceTree = "<group>";
		};
		AA10000000000000000041 /* Agent */ = {
			isa = PBXGroup;
			children = (
				AA1000000000000000001A /* AgentApp.swift */,
				AA1000000000000000001B /* ContentView.swift */,
				AA1000000000000000001C /* AgentViewModel.swift */,
				AA1000000000000000001D /* HelperService.swift */,
				AA10000000000000000025 /* UserService.swift */,
				AA1000000000000000001E /* ClaudeService.swift */,
				AA10000000000000000028 /* OllamaService.swift */,
				AA10000000000000000029 /* ScriptService.swift */,
				AA1000000000000000002A /* XcodeScriptingBridge.swift */,
				AA1000000000000000002B /* XcodeService.swift */,
				AA1000000000000000002D /* DependencyChecker.swift */,
				AA1000000000000000002E /* DependencyOverlay.swift */,
				AA1000000000000000002F /* ScriptingBridges */,
				AA1000000000000000001F /* HelperProtocol.swift */,
				AA10000000000000000026 /* UserProtocol.swift */,
				AA10000000000000000020 /* Models.swift */,
				EAF3666E2F623D6A004B7E38 /* AppIcon.icon */,
				AA10000000000000000021 /* Assets.xcassets */,
				AA10000000000000000022 /* Agent.entitlements */,
				BB10000000000000000041 /* LaunchDaemons */,
				CC10000000000000000041 /* LaunchAgents */,
			);
			path = Agent;
			sourceTree = "<group>";
		};
		AA10000000000000000042 /* Products */ = {
			isa = PBXGroup;
			children = (
				AA10000000000000000024 /* Agent.app */,
				BB1000000000000000001C /* AgentHelper */,
				CC1000000000000000001C /* AgentUser */,
			);
			name = Products;
			sourceTree = "<group>";
		};
		AA10000000000000000043 /* Frameworks */ = {
			isa = PBXGroup;
			children = (
				AA1000000000000000002C /* ScriptingBridge.framework */,
			);
			name = Frameworks;
			sourceTree = "<group>";
		};
		BB10000000000000000040 /* AgentHelper */ = {
			isa = PBXGroup;
			children = (
				BB1000000000000000001A /* main.swift */,
				BB1000000000000000001B /* HelperProtocol.swift */,
			);
			path = AgentHelper;
			sourceTree = "<group>";
		};
		BB10000000000000000041 /* LaunchDaemons */ = {
			isa = PBXGroup;
			children = (
				AA10000000000000000023 /* com.agent.helper.plist */,
			);
			path = LaunchDaemons;
			sourceTree = "<group>";
		};
		CC10000000000000000040 /* AgentUser */ = {
			isa = PBXGroup;
			children = (
				CC1000000000000000001A /* main.swift */,
				CC1000000000000000001B /* UserProtocol.swift */,
			);
			path = AgentUser;
			sourceTree = "<group>";
		};
		CC10000000000000000041 /* LaunchAgents */ = {
			isa = PBXGroup;
			children = (
				AA10000000000000000027 /* com.agent.user.plist */,
			);
			path = LaunchAgents;
			sourceTree = "<group>";
		};
/* End PBXGroup section */

/* Begin PBXNativeTarget section */
		AA10000000000000000060 /* Agent */ = {
			isa = PBXNativeTarget;
			buildConfigurationList = AA10000000000000000091 /* Build configuration list for PBXNativeTarget "Agent" */;
			buildPhases = (
				AA10000000000000000050 /* Sources */,
				AA10000000000000000051 /* Resources */,
				AA10000000000000000052 /* Frameworks */,
				BB10000000000000000051 /* Copy Helper */,
				BB10000000000000000052 /* Copy Daemon Plist */,
				CC10000000000000000051 /* Copy User Agent */,
				CC10000000000000000052 /* Copy Agent Plist */,
			);
			buildRules = (
			);
			dependencies = (
				BB10000000000000000071 /* PBXTargetDependency */,
				CC10000000000000000071 /* PBXTargetDependency */,
			);
			name = Agent;
			productName = Agent;
			productReference = AA10000000000000000024 /* Agent.app */;
			productType = "com.apple.product-type.application";
		};
		BB10000000000000000060 /* AgentHelper */ = {
			isa = PBXNativeTarget;
			buildConfigurationList = BB10000000000000000090 /* Build configuration list for PBXNativeTarget "AgentHelper" */;
			buildPhases = (
				BB10000000000000000050 /* Sources */,
				BB10000000000000000053 /* Frameworks */,
			);
			buildRules = (
			);
			dependencies = (
			);
			name = AgentHelper;
			productName = AgentHelper;
			productReference = BB1000000000000000001C /* AgentHelper */;
			productType = "com.apple.product-type.tool";
		};
		CC10000000000000000060 /* AgentUser */ = {
			isa = PBXNativeTarget;
			buildConfigurationList = CC10000000000000000090 /* Build configuration list for PBXNativeTarget "AgentUser" */;
			buildPhases = (
				CC10000000000000000050 /* Sources */,
				CC10000000000000000053 /* Frameworks */,
			);
			buildRules = (
			);
			dependencies = (
			);
			name = AgentUser;
			productName = AgentUser;
			productReference = CC1000000000000000001C /* AgentUser */;
			productType = "com.apple.product-type.tool";
		};
/* End PBXNativeTarget section */

/* Begin PBXProject section */
		AA10000000000000000000 /* Project object */ = {
			isa = PBXProject;
			attributes = {
				BuildIndependentTargetsInParallel = 1;
				LastSwiftUpdateCheck = 1600;
				LastUpgradeCheck = 2600;
			};
			buildConfigurationList = AA10000000000000000090 /* Build configuration list for PBXProject "Agent" */;
			compatibilityVersion = "Xcode 14.0";
			developmentRegion = en;
			hasScannedForEncodings = 0;
			knownRegions = (
				en,
				Base,
			);
			mainGroup = AA10000000000000000040;
			productRefGroup = AA10000000000000000042 /* Products */;
			projectDirPath = "";
			projectRoot = "";
			targets = (
				AA10000000000000000060 /* Agent */,
				BB10000000000000000060 /* AgentHelper */,
				CC10000000000000000060 /* AgentUser */,
			);
		};
/* End PBXProject section */

/* Begin PBXResourcesBuildPhase section */
		AA10000000000000000051 /* Resources */ = {
			isa = PBXResourcesBuildPhase;
			buildActionMask = 2147483647;
			files = (
				AA10000000000000000037 /* Assets.xcassets in Resources */,
				EAF3666F2F623D6A004B7E38 /* AppIcon.icon in Resources */,
				AA10000000000000000045 /* ScriptingBridges in Resources */,
			);
			runOnlyForDeploymentPostprocessing = 0;
		};
/* End PBXResourcesBuildPhase section */

/* Begin PBXSourcesBuildPhase section */
		AA10000000000000000050 /* Sources */ = {
			isa = PBXSourcesBuildPhase;
			buildActionMask = 2147483647;
			files = (
				AA10000000000000000030 /* AgentApp.swift in Sources */,
				AA10000000000000000031 /* ContentView.swift in Sources */,
				AA10000000000000000032 /* AgentViewModel.swift in Sources */,
				AA10000000000000000033 /* HelperService.swift in Sources */,
				AA10000000000000000038 /* UserService.swift in Sources */,
				AA10000000000000000034 /* ClaudeService.swift in Sources */,
				AA10000000000000000035 /* HelperProtocol.swift in Sources */,
				AA10000000000000000039 /* UserProtocol.swift in Sources */,
				AA1000000000000000003A /* OllamaService.swift in Sources */,
				AA1000000000000000003B /* ScriptService.swift in Sources */,
				AA1000000000000000003C /* XcodeScriptingBridge.swift in Sources */,
				AA1000000000000000003D /* XcodeService.swift in Sources */,
				AA1000000000000000003F /* DependencyChecker.swift in Sources */,
				AA10000000000000000044 /* DependencyOverlay.swift in Sources */,
				AA10000000000000000036 /* Models.swift in Sources */,
			);
			runOnlyForDeploymentPostprocessing = 0;
		};
		BB10000000000000000050 /* Sources */ = {
			isa = PBXSourcesBuildPhase;
			buildActionMask = 2147483647;
			files = (
				BB10000000000000000030 /* main.swift in Sources */,
				BB10000000000000000031 /* HelperProtocol.swift in Sources */,
			);
			runOnlyForDeploymentPostprocessing = 0;
		};
		CC10000000000000000050 /* Sources */ = {
			isa = PBXSourcesBuildPhase;
			buildActionMask = 2147483647;
			files = (
				CC10000000000000000030 /* main.swift in Sources */,
				CC10000000000000000031 /* UserProtocol.swift in Sources */,
			);
			runOnlyForDeploymentPostprocessing = 0;
		};
/* End PBXSourcesBuildPhase section */

/* Begin PBXTargetDependency section */
		BB10000000000000000071 /* PBXTargetDependency */ = {
			isa = PBXTargetDependency;
			target = BB10000000000000000060 /* AgentHelper */;
			targetProxy = BB10000000000000000070 /* PBXContainerItemProxy */;
		};
		CC10000000000000000071 /* PBXTargetDependency */ = {
			isa = PBXTargetDependency;
			target = CC10000000000000000060 /* AgentUser */;
			targetProxy = CC10000000000000000070 /* PBXContainerItemProxy */;
		};
/* End PBXTargetDependency section */

/* Begin XCBuildConfiguration section */
		AA10000000000000000080 /* Debug */ = {
			isa = XCBuildConfiguration;
			buildSettings = {
				ALWAYS_SEARCH_USER_PATHS = NO;
				ASSETCATALOG_COMPILER_GENERATE_SWIFT_ASSET_SYMBOL_EXTENSIONS = YES;
				CLANG_ANALYZER_NONNULL = YES;
				CLANG_ANALYZER_NUMBER_OBJECT_CONVERSION = YES_AGGRESSIVE;
				CLANG_CXX_LANGUAGE_STANDARD = "gnu++20";
				CLANG_ENABLE_MODULES = YES;
				CLANG_ENABLE_OBJC_ARC = YES;
				CLANG_ENABLE_OBJC_WEAK = YES;
				CLANG_WARN_BLOCK_CAPTURE_AUTORELEASING = YES;
				CLANG_WARN_BOOL_CONVERSION = YES;
				CLANG_WARN_COMMA = YES;
				CLANG_WARN_CONSTANT_CONVERSION = YES;
				CLANG_WARN_DEPRECATED_OBJC_IMPLEMENTATIONS = YES;
				CLANG_WARN_DIRECT_OBJC_ISA_USAGE = YES_ERROR;
				CLANG_WARN_DOCUMENTATION_COMMENTS = YES;
				CLANG_WARN_EMPTY_BODY = YES;
				CLANG_WARN_ENUM_CONVERSION = YES;
				CLANG_WARN_INFINITE_RECURSION = YES;
				CLANG_WARN_INT_CONVERSION = YES;
				CLANG_WARN_NON_LITERAL_NULL_CONVERSION = YES;
				CLANG_WARN_OBJC_IMPLICIT_RETAIN_SELF = YES;
				CLANG_WARN_OBJC_LITERAL_CONVERSION = YES;
				CLANG_WARN_OBJC_ROOT_CLASS = YES_ERROR;
				CLANG_WARN_QUOTED_INCLUDE_IN_FRAMEWORK_HEADER = YES;
				CLANG_WARN_RANGE_LOOP_ANALYSIS = YES;
				CLANG_WARN_STRICT_PROTOTYPES = YES;
				CLANG_WARN_SUSPICIOUS_MOVE = YES;
				CLANG_WARN_UNGUARDED_AVAILABILITY = YES_AGGRESSIVE;
				CLANG_WARN_UNREACHABLE_CODE = YES;
				CLANG_WARN__DUPLICATE_METHOD_MATCH = YES;
				COPY_PHASE_STRIP = NO;
				DEAD_CODE_STRIPPING = YES;
				DEBUG_INFORMATION_FORMAT = dwarf;
				DEVELOPMENT_TEAM = 469UCUB275;
				ENABLE_STRICT_OBJC_MSGSEND = YES;
				ENABLE_TESTABILITY = YES;
				ENABLE_USER_SCRIPT_SANDBOXING = YES;
				GCC_C_LANGUAGE_STANDARD = gnu17;
				GCC_DYNAMIC_NO_PIC = NO;
				GCC_NO_COMMON_BLOCKS = YES;
				GCC_OPTIMIZATION_LEVEL = 0;
				GCC_PREPROCESSOR_DEFINITIONS = (
					"DEBUG=1",
					"$(inherited)",
				);
				GCC_WARN_64_TO_32_BIT_CONVERSION = YES;
				GCC_WARN_ABOUT_RETURN_TYPE = YES_ERROR;
				GCC_WARN_UNDECLARED_SELECTOR = YES;
				GCC_WARN_UNINITIALIZED_AUTOS = YES_AGGRESSIVE;
				GCC_WARN_UNUSED_FUNCTION = YES;
				GCC_WARN_UNUSED_VARIABLE = YES;
				MACOSX_DEPLOYMENT_TARGET = 26.0;
				MTL_ENABLE_DEBUG_INFO = INCLUDE_SOURCE;
				MTL_FAST_MATH = YES;
				ONLY_ACTIVE_ARCH = YES;
				SDKROOT = macosx;
				STRING_CATALOG_GENERATE_SYMBOLS = YES;
				SWIFT_ACTIVE_COMPILATION_CONDITIONS = "$(inherited) DEBUG";
				SWIFT_OPTIMIZATION_LEVEL = "-Onone";
				SWIFT_VERSION = 6.0;
			};
			name = Debug;
		};
		AA10000000000000000081 /* Release */ = {
			isa = XCBuildConfiguration;
			buildSettings = {
				ALWAYS_SEARCH_USER_PATHS = NO;
				ASSETCATALOG_COMPILER_GENERATE_SWIFT_ASSET_SYMBOL_EXTENSIONS = YES;
				CLANG_ANALYZER_NONNULL = YES;
				CLANG_ANALYZER_NUMBER_OBJECT_CONVERSION = YES_AGGRESSIVE;
				CLANG_CXX_LANGUAGE_STANDARD = "gnu++20";
				CLANG_ENABLE_MODULES = YES;
				CLANG_ENABLE_OBJC_ARC = YES;
				CLANG_ENABLE_OBJC_WEAK = YES;
				CLANG_WARN_BLOCK_CAPTURE_AUTORELEASING = YES;
				CLANG_WARN_BOOL_CONVERSION = YES;
				CLANG_WARN_COMMA = YES;
				CLANG_WARN_CONSTANT_CONVERSION = YES;
				CLANG_WARN_DEPRECATED_OBJC_IMPLEMENTATIONS = YES;
				CLANG_WARN_DIRECT_OBJC_ISA_USAGE = YES_ERROR;
				CLANG_WARN_DOCUMENTATION_COMMENTS = YES;
				CLANG_WARN_EMPTY_BODY = YES;
				CLANG_WARN_ENUM_CONVERSION = YES;
				CLANG_WARN_INFINITE_RECURSION = YES;
				CLANG_WARN_INT_CONVERSION = YES;
				CLANG_WARN_NON_LITERAL_NULL_CONVERSION = YES;
				CLANG_WARN_OBJC_IMPLICIT_RETAIN_SELF = YES;
				CLANG_WARN_OBJC_LITERAL_CONVERSION = YES;
				CLANG_WARN_OBJC_ROOT_CLASS = YES_ERROR;
				CLANG_WARN_QUOTED_INCLUDE_IN_FRAMEWORK_HEADER = YES;
				CLANG_WARN_RANGE_LOOP_ANALYSIS = YES;
				CLANG_WARN_STRICT_PROTOTYPES = YES;
				CLANG_WARN_SUSPICIOUS_MOVE = YES;
				CLANG_WARN_UNGUARDED_AVAILABILITY = YES_AGGRESSIVE;
				CLANG_WARN_UNREACHABLE_CODE = YES;
				CLANG_WARN__DUPLICATE_METHOD_MATCH = YES;
				COPY_PHASE_STRIP = NO;
				DEAD_CODE_STRIPPING = YES;
				DEBUG_INFORMATION_FORMAT = "dwarf-with-dsym";
				DEVELOPMENT_TEAM = 469UCUB275;
				ENABLE_NS_ASSERTIONS = NO;
				ENABLE_STRICT_OBJC_MSGSEND = YES;
				ENABLE_USER_SCRIPT_SANDBOXING = YES;
				GCC_C_LANGUAGE_STANDARD = gnu17;
				GCC_NO_COMMON_BLOCKS = YES;
				GCC_WARN_64_TO_32_BIT_CONVERSION = YES;
				GCC_WARN_ABOUT_RETURN_TYPE = YES_ERROR;
				GCC_WARN_UNDECLARED_SELECTOR = YES;
				GCC_WARN_UNINITIALIZED_AUTOS = YES_AGGRESSIVE;
				GCC_WARN_UNUSED_FUNCTION = YES;
				GCC_WARN_UNUSED_VARIABLE = YES;
				MACOSX_DEPLOYMENT_TARGET = 26.0;
				MTL_ENABLE_DEBUG_INFO = NO;
				MTL_FAST_MATH = YES;
				SDKROOT = macosx;
				STRING_CATALOG_GENERATE_SYMBOLS = YES;
				SWIFT_COMPILATION_MODE = wholemodule;
				SWIFT_VERSION = 6.0;
			};
			name = Release;
		};
		AA10000000000000000082 /* Debug */ = {
			isa = XCBuildConfiguration;
			buildSettings = {
				ASSETCATALOG_COMPILER_APPICON_NAME = AppIcon;
				ASSETCATALOG_COMPILER_GLOBAL_ACCENT_COLOR_NAME = AccentColor;
				CODE_SIGN_ENTITLEMENTS = Agent/Agent.entitlements;
				"CODE_SIGN_IDENTITY[sdk=macosx*]" = "Apple Development";
				CODE_SIGN_STYLE = Automatic;
				COMBINE_HIDPI_IMAGES = YES;
				CURRENT_PROJECT_VERSION = 1;
				DEAD_CODE_STRIPPING = YES;
				ENABLE_HARDENED_RUNTIME = YES;
				GENERATE_INFOPLIST_FILE = YES;
				INFOPLIST_KEY_CFBundleDisplayName = Agent;
				INFOPLIST_KEY_LSApplicationCategoryType = "public.app-category.utilities";
				INFOPLIST_KEY_NSHumanReadableCopyright = "";
				LD_RUNPATH_SEARCH_PATHS = (
					"$(inherited)",
					"@executable_path/../Frameworks",
				);
				MARKETING_VERSION = 1.0;
				PRODUCT_BUNDLE_IDENTIFIER = com.agent.app;
				PRODUCT_NAME = "$(TARGET_NAME)";
				SWIFT_EMIT_LOC_STRINGS = YES;
				SWIFT_VERSION = 6.0;
			};
			name = Debug;
		};
		AA10000000000000000083 /* Release */ = {
			isa = XCBuildConfiguration;
			buildSettings = {
				ASSETCATALOG_COMPILER_APPICON_NAME = AppIcon;
				ASSETCATALOG_COMPILER_GLOBAL_ACCENT_COLOR_NAME = AccentColor;
				CODE_SIGN_ENTITLEMENTS = Agent/Agent.entitlements;
				"CODE_SIGN_IDENTITY[sdk=macosx*]" = "Apple Development";
				CODE_SIGN_STYLE = Automatic;
				COMBINE_HIDPI_IMAGES = YES;
				CURRENT_PROJECT_VERSION = 1;
				DEAD_CODE_STRIPPING = YES;
				ENABLE_HARDENED_RUNTIME = YES;
				GENERATE_INFOPLIST_FILE = YES;
				INFOPLIST_KEY_CFBundleDisplayName = Agent;
				INFOPLIST_KEY_LSApplicationCategoryType = "public.app-category.utilities";
				INFOPLIST_KEY_NSHumanReadableCopyright = "";
				LD_RUNPATH_SEARCH_PATHS = (
					"$(inherited)",
					"@executable_path/../Frameworks",
				);
				MARKETING_VERSION = 1.0;
				PRODUCT_BUNDLE_IDENTIFIER = com.agent.app;
				PRODUCT_NAME = "$(TARGET_NAME)";
				SWIFT_EMIT_LOC_STRINGS = YES;
				SWIFT_VERSION = 6.0;
			};
			name = Release;
		};
		BB10000000000000000080 /* Debug */ = {
			isa = XCBuildConfiguration;
			buildSettings = {
				CODE_SIGN_STYLE = Automatic;
				CREATE_INFOPLIST_SECTION_IN_BINARY = YES;
				DEAD_CODE_STRIPPING = YES;
				ENABLE_HARDENED_RUNTIME = YES;
				GENERATE_INFOPLIST_FILE = YES;
				MACOSX_DEPLOYMENT_TARGET = 26.0;
				PRODUCT_BUNDLE_IDENTIFIER = com.agent.helper;
				PRODUCT_NAME = "$(TARGET_NAME)";
				SWIFT_VERSION = 6.0;
			};
			name = Debug;
		};
		BB10000000000000000081 /* Release */ = {
			isa = XCBuildConfiguration;
			buildSettings = {
				CODE_SIGN_STYLE = Automatic;
				CREATE_INFOPLIST_SECTION_IN_BINARY = YES;
				DEAD_CODE_STRIPPING = YES;
				ENABLE_HARDENED_RUNTIME = YES;
				GENERATE_INFOPLIST_FILE = YES;
				MACOSX_DEPLOYMENT_TARGET = 26.0;
				PRODUCT_BUNDLE_IDENTIFIER = com.agent.helper;
				PRODUCT_NAME = "$(TARGET_NAME)";
				SWIFT_VERSION = 6.0;
			};
			name = Release;
		};
		CC10000000000000000080 /* Debug */ = {
			isa = XCBuildConfiguration;
			buildSettings = {
				CODE_SIGN_STYLE = Automatic;
				CREATE_INFOPLIST_SECTION_IN_BINARY = YES;
				DEAD_CODE_STRIPPING = YES;
				ENABLE_HARDENED_RUNTIME = YES;
				GENERATE_INFOPLIST_FILE = YES;
				MACOSX_DEPLOYMENT_TARGET = 26.0;
				PRODUCT_BUNDLE_IDENTIFIER = com.agent.user;
				PRODUCT_NAME = "$(TARGET_NAME)";
				SWIFT_VERSION = 6.0;
			};
			name = Debug;
		};
		CC10000000000000000081 /* Release */ = {
			isa = XCBuildConfiguration;
			buildSettings = {
				CODE_SIGN_STYLE = Automatic;
				CREATE_INFOPLIST_SECTION_IN_BINARY = YES;
				DEAD_CODE_STRIPPING = YES;
				ENABLE_HARDENED_RUNTIME = YES;
				GENERATE_INFOPLIST_FILE = YES;
				MACOSX_DEPLOYMENT_TARGET = 26.0;
				PRODUCT_BUNDLE_IDENTIFIER = com.agent.user;
				PRODUCT_NAME = "$(TARGET_NAME)";
				SWIFT_VERSION = 6.0;
			};
			name = Release;
		};
/* End XCBuildConfiguration section */

/* Begin XCConfigurationList section */
		AA10000000000000000090 /* Build configuration list for PBXProject "Agent" */ = {
			isa = XCConfigurationList;
			buildConfigurations = (
				AA10000000000000000080 /* Debug */,
				AA10000000000000000081 /* Release */,
			);
			defaultConfigurationIsVisible = 0;
			defaultConfigurationName = Release;
		};
		AA10000000000000000091 /* Build configuration list for PBXNativeTarget "Agent" */ = {
			isa = XCConfigurationList;
			buildConfigurations = (
				AA10000000000000000082 /* Debug */,
				AA10000000000000000083 /* Release */,
			);
			defaultConfigurationIsVisible = 0;
			defaultConfigurationName = Release;
		};
		BB10000000000000000090 /* Build configuration list for PBXNativeTarget "AgentHelper" */ = {
			isa = XCConfigurationList;
			buildConfigurations = (
				BB10000000000000000080 /* Debug */,
				BB10000000000000000081 /* Release */,
			);
			defaultConfigurationIsVisible = 0;
			defaultConfigurationName = Release;
		};
		CC10000000000000000090 /* Build configuration list for PBXNativeTarget "AgentUser" */ = {
			isa = XCConfigurationList;
			buildConfigurations = (
				CC10000000000000000080 /* Debug */,
				CC10000000000000000081 /* Release */,
			);
			defaultConfigurationIsVisible = 0;
			defaultConfigurationName = Release;
		};
/* End XCConfigurationList section */
	};
	rootObject = AA10000000000000000000 /* Project object */;
}
